// !$*UTF8*$!
{
	archiveVersion = 1;
	classes = {
	};
	objectVersion = 48;
	objects = {

/* Begin PBXBuildFile section */
		18033B8C1FC21607007FBCAD /* MusicViewController.m in Sources */ = {isa = PBXBuildFile; fileRef = 18033B8B1FC21607007FBCAD /* MusicViewController.m */; };
		18033B8E1FC216E5007FBCAD /* VideoController.xib in Resources */ = {isa = PBXBuildFile; fileRef = 18033B8D1FC216E5007FBCAD /* VideoController.xib */; };
		18033B901FC21740007FBCAD /* MusicViewController.xib in Resources */ = {isa = PBXBuildFile; fileRef = 18033B8F1FC21740007FBCAD /* MusicViewController.xib */; };
		18033B931FC25A29007FBCAD /* VTManager.m in Sources */ = {isa = PBXBuildFile; fileRef = 18033B921FC25A29007FBCAD /* VTManager.m */; };
		18033B991FC265F9007FBCAD /* UIView+VTimer.m in Sources */ = {isa = PBXBuildFile; fileRef = 18033B981FC265F9007FBCAD /* UIView+VTimer.m */; };
		18033BA31FC274BF007FBCAD /* spotify.png in Resources */ = {isa = PBXBuildFile; fileRef = 18033B9D1FC274BF007FBCAD /* spotify.png */; };
		18033BA41FC274BF007FBCAD /* netEase_music.png in Resources */ = {isa = PBXBuildFile; fileRef = 18033B9E1FC274BF007FBCAD /* netEase_music.png */; };
		18033BA51FC274BF007FBCAD /* bilibili.png in Resources */ = {isa = PBXBuildFile; fileRef = 18033B9F1FC274BF007FBCAD /* bilibili.png */; };
		18033BA61FC274BF007FBCAD /* youtube.png in Resources */ = {isa = PBXBuildFile; fileRef = 18033BA01FC274BF007FBCAD /* youtube.png */; };
		18033BA71FC274BF007FBCAD /* iqiyi.png in Resources */ = {isa = PBXBuildFile; fileRef = 18033BA11FC274BF007FBCAD /* iqiyi.png */; };
		18033BA81FC274BF007FBCAD /* tencentvideo.png in Resources */ = {isa = PBXBuildFile; fileRef = 18033BA21FC274BF007FBCAD /* tencentvideo.png */; };
		18033BAA1FC29180007FBCAD /* WebView.xib in Resources */ = {isa = PBXBuildFile; fileRef = 18033BA91FC29180007FBCAD /* WebView.xib */; };
		18033BAD1FC291A8007FBCAD /* WebViewController.m in Sources */ = {isa = PBXBuildFile; fileRef = 18033BAC1FC291A8007FBCAD /* WebViewController.m */; };
		1869D2841FE0F40F009B71BC /* icons8-left-50.png in Resources */ = {isa = PBXBuildFile; fileRef = 1869D2831FE0F40F009B71BC /* icons8-left-50.png */; };
		1869D2861FE10E75009B71BC /* logo_videoTimer.png in Resources */ = {isa = PBXBuildFile; fileRef = 1869D2851FE10E75009B71BC /* logo_videoTimer.png */; };
		18E7DD461FC205AF006FA9B0 /* AppDelegate.m in Sources */ = {isa = PBXBuildFile; fileRef = 18E7DD451FC205AF006FA9B0 /* AppDelegate.m */; };
		18E7DD491FC205AF006FA9B0 /* ViewController.m in Sources */ = {isa = PBXBuildFile; fileRef = 18E7DD481FC205AF006FA9B0 /* ViewController.m */; };
		18E7DD4C1FC205AF006FA9B0 /* Main.storyboard in Resources */ = {isa = PBXBuildFile; fileRef = 18E7DD4A1FC205AF006FA9B0 /* Main.storyboard */; };
		18E7DD4E1FC205AF006FA9B0 /* Assets.xcassets in Resources */ = {isa = PBXBuildFile; fileRef = 18E7DD4D1FC205AF006FA9B0 /* Assets.xcassets */; };
		18E7DD511FC205AF006FA9B0 /* LaunchScreen.storyboard in Resources */ = {isa = PBXBuildFile; fileRef = 18E7DD4F1FC205AF006FA9B0 /* LaunchScreen.storyboard */; };
		18E7DD541FC205AF006FA9B0 /* main.m in Sources */ = {isa = PBXBuildFile; fileRef = 18E7DD531FC205AF006FA9B0 /* main.m */; };
		18E7DD5E1FC205AF006FA9B0 /* videotimerTests.m in Sources */ = {isa = PBXBuildFile; fileRef = 18E7DD5D1FC205AF006FA9B0 /* videotimerTests.m */; };
		18E7DD691FC205AF006FA9B0 /* videotimerUITests.m in Sources */ = {isa = PBXBuildFile; fileRef = 18E7DD681FC205AF006FA9B0 /* videotimerUITests.m */; };
		18E7DD791FC20DEF006FA9B0 /* VideoController.m in Sources */ = {isa = PBXBuildFile; fileRef = 18E7DD781FC20DEF006FA9B0 /* VideoController.m */; };
/* End PBXBuildFile section */

/* Begin PBXContainerItemProxy section */
		18E7DD5A1FC205AF006FA9B0 /* PBXContainerItemProxy */ = {
			isa = PBXContainerItemProxy;
			containerPortal = 18E7DD391FC205AF006FA9B0 /* Project object */;
			proxyType = 1;
			remoteGlobalIDString = 18E7DD401FC205AF006FA9B0;
			remoteInfo = videotimer;
		};
		18E7DD651FC205AF006FA9B0 /* PBXContainerItemProxy */ = {
			isa = PBXContainerItemProxy;
			containerPortal = 18E7DD391FC205AF006FA9B0 /* Project object */;
			proxyType = 1;
			remoteGlobalIDString = 18E7DD401FC205AF006FA9B0;
			remoteInfo = videotimer;
		};
/* End PBXContainerItemProxy section */

/* Begin PBXFileReference section */
		18033B8B1FC21607007FBCAD /* MusicViewController.m */ = {isa = PBXFileReference; lastKnownFileType = sourcecode.c.objc; path = MusicViewController.m; sourceTree = "<group>"; };
		18033B8D1FC216E5007FBCAD /* VideoController.xib */ = {isa = PBXFileReference; lastKnownFileType = file.xib; path = VideoController.xib; sourceTree = "<group>"; };
		18033B8F1FC21740007FBCAD /* MusicViewController.xib */ = {isa = PBXFileReference; lastKnownFileType = file.xib; path = MusicViewController.xib; sourceTree = "<group>"; };
		18033B911FC25A1C007FBCAD /* VTManager.h */ = {isa = PBXFileReference; lastKnownFileType = sourcecode.c.h; path = VTManager.h; sourceTree = "<group>"; };
		18033B921FC25A29007FBCAD /* VTManager.m */ = {isa = PBXFileReference; lastKnownFileType = sourcecode.c.objc; path = VTManager.m; sourceTree = "<group>"; };
		18033B971FC265EB007FBCAD /* UIView+VTimer.h */ = {isa = PBXFileReference; lastKnownFileType = sourcecode.c.h; path = "UIView+VTimer.h"; sourceTree = "<group>"; };
		18033B981FC265F9007FBCAD /* UIView+VTimer.m */ = {isa = PBXFileReference; lastKnownFileType = sourcecode.c.objc; path = "UIView+VTimer.m"; sourceTree = "<group>"; };
		18033B9D1FC274BF007FBCAD /* spotify.png */ = {isa = PBXFileReference; lastKnownFileType = image.png; path = spotify.png; sourceTree = "<group>"; };
		18033B9E1FC274BF007FBCAD /* netEase_music.png */ = {isa = PBXFileReference; lastKnownFileType = image.png; path = netEase_music.png; sourceTree = "<group>"; };
		18033B9F1FC274BF007FBCAD /* bilibili.png */ = {isa = PBXFileReference; lastKnownFileType = image.png; path = bilibili.png; sourceTree = "<group>"; };
		18033BA01FC274BF007FBCAD /* youtube.png */ = {isa = PBXFileReference; lastKnownFileType = image.png; path = youtube.png; sourceTree = "<group>"; };
		18033BA11FC274BF007FBCAD /* iqiyi.png */ = {isa = PBXFileReference; lastKnownFileType = image.png; path = iqiyi.png; sourceTree = "<group>"; };
		18033BA21FC274BF007FBCAD /* tencentvideo.png */ = {isa = PBXFileReference; lastKnownFileType = image.png; path = tencentvideo.png; sourceTree = "<group>"; };
		18033BA91FC29180007FBCAD /* WebView.xib */ = {isa = PBXFileReference; lastKnownFileType = file.xib; path = WebView.xib; sourceTree = "<group>"; };
		18033BAB1FC29199007FBCAD /* WebViewController.h */ = {isa = PBXFileReference; lastKnownFileType = sourcecode.c.h; path = WebViewController.h; sourceTree = "<group>"; };
		18033BAC1FC291A8007FBCAD /* WebViewController.m */ = {isa = PBXFileReference; lastKnownFileType = sourcecode.c.objc; path = WebViewController.m; sourceTree = "<group>"; };
		1869D2831FE0F40F009B71BC /* icons8-left-50.png */ = {isa = PBXFileReference; lastKnownFileType = image.png; path = "icons8-left-50.png"; sourceTree = "<group>"; };
		1869D2851FE10E75009B71BC /* logo_videoTimer.png */ = {isa = PBXFileReference; lastKnownFileType = image.png; path = logo_videoTimer.png; sourceTree = "<group>"; };
		18E7DD411FC205AF006FA9B0 /* videotimer.app */ = {isa = PBXFileReference; explicitFileType = wrapper.application; includeInIndex = 0; path = videotimer.app; sourceTree = BUILT_PRODUCTS_DIR; };
		18E7DD441FC205AF006FA9B0 /* AppDelegate.h */ = {isa = PBXFileReference; lastKnownFileType = sourcecode.c.h; path = AppDelegate.h; sourceTree = "<group>"; };
		18E7DD451FC205AF006FA9B0 /* AppDelegate.m */ = {isa = PBXFileReference; lastKnownFileType = sourcecode.c.objc; path = AppDelegate.m; sourceTree = "<group>"; };
		18E7DD471FC205AF006FA9B0 /* ViewController.h */ = {isa = PBXFileReference; lastKnownFileType = sourcecode.c.h; path = ViewController.h; sourceTree = "<group>"; };
		18E7DD481FC205AF006FA9B0 /* ViewController.m */ = {isa = PBXFileReference; lastKnownFileType = sourcecode.c.objc; path = ViewController.m; sourceTree = "<group>"; };
		18E7DD4B1FC205AF006FA9B0 /* Base */ = {isa = PBXFileReference; lastKnownFileType = file.storyboard; name = Base; path = Base.lproj/Main.storyboard; sourceTree = "<group>"; };
		18E7DD4D1FC205AF006FA9B0 /* Assets.xcassets */ = {isa = PBXFileReference; lastKnownFileType = folder.assetcatalog; path = Assets.xcassets; sourceTree = "<group>"; };
		18E7DD501FC205AF006FA9B0 /* Base */ = {isa = PBXFileReference; lastKnownFileType = file.storyboard; name = Base; path = Base.lproj/LaunchScreen.storyboard; sourceTree = "<group>"; };
		18E7DD521FC205AF006FA9B0 /* Info.plist */ = {isa = PBXFileReference; lastKnownFileType = text.plist.xml; path = Info.plist; sourceTree = "<group>"; };
		18E7DD531FC205AF006FA9B0 /* main.m */ = {isa = PBXFileReference; lastKnownFileType = sourcecode.c.objc; path = main.m; sourceTree = "<group>"; };
		18E7DD591FC205AF006FA9B0 /* videotimerTests.xctest */ = {isa = PBXFileReference; explicitFileType = wrapper.cfbundle; includeInIndex = 0; path = videotimerTests.xctest; sourceTree = BUILT_PRODUCTS_DIR; };
		18E7DD5D1FC205AF006FA9B0 /* videotimerTests.m */ = {isa = PBXFileReference; lastKnownFileType = sourcecode.c.objc; path = videotimerTests.m; sourceTree = "<group>"; };
		18E7DD5F1FC205AF006FA9B0 /* Info.plist */ = {isa = PBXFileReference; lastKnownFileType = text.plist.xml; path = Info.plist; sourceTree = "<group>"; };
		18E7DD641FC205AF006FA9B0 /* videotimerUITests.xctest */ = {isa = PBXFileReference; explicitFileType = wrapper.cfbundle; includeInIndex = 0; path = videotimerUITests.xctest; sourceTree = BUILT_PRODUCTS_DIR; };
		18E7DD681FC205AF006FA9B0 /* videotimerUITests.m */ = {isa = PBXFileReference; lastKnownFileType = sourcecode.c.objc; path = videotimerUITests.m; sourceTree = "<group>"; };
		18E7DD6A1FC205AF006FA9B0 /* Info.plist */ = {isa = PBXFileReference; lastKnownFileType = text.plist.xml; path = Info.plist; sourceTree = "<group>"; };
		18E7DD771FC20DD6006FA9B0 /* VideoController.h */ = {isa = PBXFileReference; lastKnownFileType = sourcecode.c.h; path = VideoController.h; sourceTree = "<group>"; };
		18E7DD781FC20DEF006FA9B0 /* VideoController.m */ = {isa = PBXFileReference; lastKnownFileType = sourcecode.c.objc; path = VideoController.m; sourceTree = "<group>"; };
		18E7DD7E1FC21520006FA9B0 /* MusicViewController.h */ = {isa = PBXFileReference; lastKnownFileType = sourcecode.c.h; path = MusicViewController.h; sourceTree = "<group>"; };
/* End PBXFileReference section */

/* Begin PBXFrameworksBuildPhase section */
		18E7DD3E1FC205AF006FA9B0 /* Frameworks */ = {
			isa = PBXFrameworksBuildPhase;
			buildActionMask = 2147483647;
			files = (
			);
			runOnlyForDeploymentPostprocessing = 0;
		};
		18E7DD561FC205AF006FA9B0 /* Frameworks */ = {
			isa = PBXFrameworksBuildPhase;
			buildActionMask = 2147483647;
			files = (
			);
			runOnlyForDeploymentPostprocessing = 0;
		};
		18E7DD611FC205AF006FA9B0 /* Frameworks */ = {
			isa = PBXFrameworksBuildPhase;
			buildActionMask = 2147483647;
			files = (
			);
			runOnlyForDeploymentPostprocessing = 0;
		};
/* End PBXFrameworksBuildPhase section */

/* Begin PBXGroup section */
		18033B941FC26104007FBCAD /* Supporting files */ = {
			isa = PBXGroup;
			children = (
				1869D2851FE10E75009B71BC /* logo_videoTimer.png */,
				1869D2831FE0F40F009B71BC /* icons8-left-50.png */,
				18033B9F1FC274BF007FBCAD /* bilibili.png */,
				18033BA11FC274BF007FBCAD /* iqiyi.png */,
				18033B9E1FC274BF007FBCAD /* netEase_music.png */,
				18033B9D1FC274BF007FBCAD /* spotify.png */,
				18033BA21FC274BF007FBCAD /* tencentvideo.png */,
				18033BA01FC274BF007FBCAD /* youtube.png */,
			);
			path = "Supporting files";
			sourceTree = "<group>";
		};
		18E7DD381FC205AF006FA9B0 = {
			isa = PBXGroup;
			children = (
				18033B941FC26104007FBCAD /* Supporting files */,
				18E7DD431FC205AF006FA9B0 /* videotimer */,
				18E7DD5C1FC205AF006FA9B0 /* videotimerTests */,
				18E7DD671FC205AF006FA9B0 /* videotimerUITests */,
				18E7DD421FC205AF006FA9B0 /* Products */,
			);
			sourceTree = "<group>";
		};
		18E7DD421FC205AF006FA9B0 /* Products */ = {
			isa = PBXGroup;
			children = (
				18E7DD411FC205AF006FA9B0 /* videotimer.app */,
				18E7DD591FC205AF006FA9B0 /* videotimerTests.xctest */,
				18E7DD641FC205AF006FA9B0 /* videotimerUITests.xctest */,
			);
			name = Products;
			sourceTree = "<group>";
		};
		18E7DD431FC205AF006FA9B0 /* videotimer */ = {
			isa = PBXGroup;
			children = (
				18E7DD7E1FC21520006FA9B0 /* MusicViewController.h */,
				18E7DD441FC205AF006FA9B0 /* AppDelegate.h */,
				18E7DD451FC205AF006FA9B0 /* AppDelegate.m */,
				18E7DD471FC205AF006FA9B0 /* ViewController.h */,
				18E7DD481FC205AF006FA9B0 /* ViewController.m */,
				18E7DD4A1FC205AF006FA9B0 /* Main.storyboard */,
				18E7DD4D1FC205AF006FA9B0 /* Assets.xcassets */,
				18E7DD4F1FC205AF006FA9B0 /* LaunchScreen.storyboard */,
				18E7DD521FC205AF006FA9B0 /* Info.plist */,
				18E7DD531FC205AF006FA9B0 /* main.m */,
				18E7DD771FC20DD6006FA9B0 /* VideoController.h */,
				18E7DD781FC20DEF006FA9B0 /* VideoController.m */,
				18033B8B1FC21607007FBCAD /* MusicViewController.m */,
				18033B8D1FC216E5007FBCAD /* VideoController.xib */,
				18033B8F1FC21740007FBCAD /* MusicViewController.xib */,
				18033B911FC25A1C007FBCAD /* VTManager.h */,
				18033B921FC25A29007FBCAD /* VTManager.m */,
				18033B971FC265EB007FBCAD /* UIView+VTimer.h */,
				18033B981FC265F9007FBCAD /* UIView+VTimer.m */,
				18033BA91FC29180007FBCAD /* WebView.xib */,
				18033BAB1FC29199007FBCAD /* WebViewController.h */,
				18033BAC1FC291A8007FBCAD /* WebViewController.m */,
			);
			path = videotimer;
			sourceTree = "<group>";
		};
		18E7DD5C1FC205AF006FA9B0 /* videotimerTests */ = {
			isa = PBXGroup;
			children = (
				18E7DD5D1FC205AF006FA9B0 /* videotimerTests.m */,
				18E7DD5F1FC205AF006FA9B0 /* Info.plist */,
			);
			path = videotimerTests;
			sourceTree = "<group>";
		};
		18E7DD671FC205AF006FA9B0 /* videotimerUITests */ = {
			isa = PBXGroup;
			children = (
				18E7DD681FC205AF006FA9B0 /* videotimerUITests.m */,
				18E7DD6A1FC205AF006FA9B0 /* Info.plist */,
			);
			path = videotimerUITests;
			sourceTree = "<group>";
		};
/* End PBXGroup section */

/* Begin PBXNativeTarget section */
		18E7DD401FC205AF006FA9B0 /* videotimer */ = {
			isa = PBXNativeTarget;
			buildConfigurationList = 18E7DD6D1FC205AF006FA9B0 /* Build configuration list for PBXNativeTarget "videotimer" */;
			buildPhases = (
				18E7DD3D1FC205AF006FA9B0 /* Sources */,
				18E7DD3E1FC205AF006FA9B0 /* Frameworks */,
				18E7DD3F1FC205AF006FA9B0 /* Resources */,
			);
			buildRules = (
			);
			dependencies = (
			);
			name = videotimer;
			productName = videotimer;
			productReference = 18E7DD411FC205AF006FA9B0 /* videotimer.app */;
			productType = "com.apple.product-type.application";
		};
		18E7DD581FC205AF006FA9B0 /* videotimerTests */ = {
			isa = PBXNativeTarget;
			buildConfigurationList = 18E7DD701FC205AF006FA9B0 /* Build configuration list for PBXNativeTarget "videotimerTests" */;
			buildPhases = (
				18E7DD551FC205AF006FA9B0 /* Sources */,
				18E7DD561FC205AF006FA9B0 /* Frameworks */,
				18E7DD571FC205AF006FA9B0 /* Resources */,
			);
			buildRules = (
			);
			dependencies = (
				18E7DD5B1FC205AF006FA9B0 /* PBXTargetDependency */,
			);
			name = videotimerTests;
			productName = videotimerTests;
			productReference = 18E7DD591FC205AF006FA9B0 /* videotimerTests.xctest */;
			productType = "com.apple.product-type.bundle.unit-test";
		};
		18E7DD631FC205AF006FA9B0 /* videotimerUITests */ = {
			isa = PBXNativeTarget;
			buildConfigurationList = 18E7DD731FC205AF006FA9B0 /* Build configuration list for PBXNativeTarget "videotimerUITests" */;
			buildPhases = (
				18E7DD601FC205AF006FA9B0 /* Sources */,
				18E7DD611FC205AF006FA9B0 /* Frameworks */,
				18E7DD621FC205AF006FA9B0 /* Resources */,
			);
			buildRules = (
			);
			dependencies = (
				18E7DD661FC205AF006FA9B0 /* PBXTargetDependency */,
			);
			name = videotimerUITests;
			productName = videotimerUITests;
			productReference = 18E7DD641FC205AF006FA9B0 /* videotimerUITests.xctest */;
			productType = "com.apple.product-type.bundle.ui-testing";
		};
/* End PBXNativeTarget section */

/* Begin PBXProject section */
		18E7DD391FC205AF006FA9B0 /* Project object */ = {
			isa = PBXProject;
			attributes = {
				LastUpgradeCheck = 0910;
				ORGANIZATIONNAME = Suxin;
				TargetAttributes = {
					18E7DD401FC205AF006FA9B0 = {
						CreatedOnToolsVersion = 9.1;
						ProvisioningStyle = Automatic;
					};
					18E7DD581FC205AF006FA9B0 = {
						CreatedOnToolsVersion = 9.1;
						ProvisioningStyle = Automatic;
						TestTargetID = 18E7DD401FC205AF006FA9B0;
					};
					18E7DD631FC205AF006FA9B0 = {
						CreatedOnToolsVersion = 9.1;
						ProvisioningStyle = Automatic;
						TestTargetID = 18E7DD401FC205AF006FA9B0;
					};
				};
			};
			buildConfigurationList = 18E7DD3C1FC205AF006FA9B0 /* Build configuration list for PBXProject "videotimer" */;
			compatibilityVersion = "Xcode 8.0";
			developmentRegion = en;
			hasScannedForEncodings = 0;
			knownRegions = (
				en,
				Base,
			);
			mainGroup = 18E7DD381FC205AF006FA9B0;
			productRefGroup = 18E7DD421FC205AF006FA9B0 /* Products */;
			projectDirPath = "";
			projectRoot = "";
			targets = (
				18E7DD401FC205AF006FA9B0 /* videotimer */,
				18E7DD581FC205AF006FA9B0 /* videotimerTests */,
				18E7DD631FC205AF006FA9B0 /* videotimerUITests */,
			);
		};
/* End PBXProject section */

/* Begin PBXResourcesBuildPhase section */
		18E7DD3F1FC205AF006FA9B0 /* Resources */ = {
			isa = PBXResourcesBuildPhase;
			buildActionMask = 2147483647;
			files = (
				18033BA51FC274BF007FBCAD /* bilibili.png in Resources */,
				18E7DD511FC205AF006FA9B0 /* LaunchScreen.storyboard in Resources */,
				18033BA41FC274BF007FBCAD /* netEase_music.png in Resources */,
				18033BA61FC274BF007FBCAD /* youtube.png in Resources */,
				18E7DD4E1FC205AF006FA9B0 /* Assets.xcassets in Resources */,
				18033BA71FC274BF007FBCAD /* iqiyi.png in Resources */,
				18033B901FC21740007FBCAD /* MusicViewController.xib in Resources */,
				18E7DD4C1FC205AF006FA9B0 /* Main.storyboard in Resources */,
				1869D2861FE10E75009B71BC /* logo_videoTimer.png in Resources */,
				18033BA31FC274BF007FBCAD /* spotify.png in Resources */,
				18033BAA1FC29180007FBCAD /* WebView.xib in Resources */,
				18033B8E1FC216E5007FBCAD /* VideoController.xib in Resources */,
				18033BA81FC274BF007FBCAD /* tencentvideo.png in Resources */,
				1869D2841FE0F40F009B71BC /* icons8-left-50.png in Resources */,
			);
			runOnlyForDeploymentPostprocessing = 0;
		};
		18E7DD571FC205AF006FA9B0 /* Resources */ = {
			isa = PBXResourcesBuildPhase;
			buildActionMask = 2147483647;
			files = (
			);
			runOnlyForDeploymentPostprocessing = 0;
		};
		18E7DD621FC205AF006FA9B0 /* Resources */ = {
			isa = PBXResourcesBuildPhase;
			buildActionMask = 2147483647;
			files = (
			);
			runOnlyForDeploymentPostprocessing = 0;
		};
/* End PBXResourcesBuildPhase section */

/* Begin PBXSourcesBuildPhase section */
		18E7DD3D1FC205AF006FA9B0 /* Sources */ = {
			isa = PBXSourcesBuildPhase;
			buildActionMask = 2147483647;
			files = (
				18033B991FC265F9007FBCAD /* UIView+VTimer.m in Sources */,
				18E7DD491FC205AF006FA9B0 /* ViewController.m in Sources */,
				18033B931FC25A29007FBCAD /* VTManager.m in Sources */,
				18033BAD1FC291A8007FBCAD /* WebViewController.m in Sources */,
				18033B8C1FC21607007FBCAD /* MusicViewController.m in Sources */,
				18E7DD541FC205AF006FA9B0 /* main.m in Sources */,
				18E7DD461FC205AF006FA9B0 /* AppDelegate.m in Sources */,
				18E7DD791FC20DEF006FA9B0 /* VideoController.m in Sources */,
			);
			runOnlyForDeploymentPostprocessing = 0;
		};
		18E7DD551FC205AF006FA9B0 /* Sources */ = {
			isa = PBXSourcesBuildPhase;
			buildActionMask = 2147483647;
			files = (
				18E7DD5E1FC205AF006FA9B0 /* videotimerTests.m in Sources */,
			);
			runOnlyForDeploymentPostprocessing = 0;
		};
		18E7DD601FC205AF006FA9B0 /* Sources */ = {
			isa = PBXSourcesBuildPhase;
			buildActionMask = 2147483647;
			files = (
				18E7DD691FC205AF006FA9B0 /* videotimerUITests.m in Sources */,
			);
			runOnlyForDeploymentPostprocessing = 0;
		};
/* End PBXSourcesBuildPhase section */

/* Begin PBXTargetDependency section */
		18E7DD5B1FC205AF006FA9B0 /* PBXTargetDependency */ = {
			isa = PBXTargetDependency;
			target = 18E7DD401FC205AF006FA9B0 /* videotimer */;
			targetProxy = 18E7DD5A1FC205AF006FA9B0 /* PBXContainerItemProxy */;
		};
		18E7DD661FC205AF006FA9B0 /* PBXTargetDependency */ = {
			isa = PBXTargetDependency;
			target = 18E7DD401FC205AF006FA9B0 /* videotimer */;
			targetProxy = 18E7DD651FC205AF006FA9B0 /* PBXContainerItemProxy */;
		};
/* End PBXTargetDependency section */

/* Begin PBXVariantGroup section */
		18E7DD4A1FC205AF006FA9B0 /* Main.storyboard */ = {
			isa = PBXVariantGroup;
			children = (
				18E7DD4B1FC205AF006FA9B0 /* Base */,
			);
			name = Main.storyboard;
			sourceTree = "<group>";
		};
		18E7DD4F1FC205AF006FA9B0 /* LaunchScreen.storyboard */ = {
			isa = PBXVariantGroup;
			children = (
				18E7DD501FC205AF006FA9B0 /* Base */,
			);
			name = LaunchScreen.storyboard;
			sourceTree = "<group>";
		};
/* End PBXVariantGroup section */

/* Begin XCBuildConfiguration section */
		18E7DD6B1FC205AF006FA9B0 /* Debug */ = {
			isa = XCBuildConfiguration;
			buildSettings = {
				ALWAYS_SEARCH_USER_PATHS = NO;
				CLANG_ANALYZER_NONNULL = YES;
				CLANG_ANALYZER_NUMBER_OBJECT_CONVERSION = YES_AGGRESSIVE;
				CLANG_CXX_LANGUAGE_STANDARD = "gnu++14";
				CLANG_CXX_LIBRARY = "libc++";
				CLANG_ENABLE_MODULES = YES;
				CLANG_ENABLE_OBJC_ARC = YES;
				CLANG_WARN_BLOCK_CAPTURE_AUTORELEASING = YES;
				CLANG_WARN_BOOL_CONVERSION = YES;
				CLANG_WARN_COMMA = YES;
				CLANG_WARN_CONSTANT_CONVERSION = YES;
				CLANG_WARN_DIRECT_OBJC_ISA_USAGE = YES_ERROR;
				CLANG_WARN_DOCUMENTATION_COMMENTS = YES;
				CLANG_WARN_EMPTY_BODY = YES;
				CLANG_WARN_ENUM_CONVERSION = YES;
				CLANG_WARN_INFINITE_RECURSION = YES;
				CLANG_WARN_INT_CONVERSION = YES;
				CLANG_WARN_NON_LITERAL_NULL_CONVERSION = YES;
				CLANG_WARN_OBJC_LITERAL_CONVERSION = YES;
				CLANG_WARN_OBJC_ROOT_CLASS = YES_ERROR;
				CLANG_WARN_RANGE_LOOP_ANALYSIS = YES;
				CLANG_WARN_STRICT_PROTOTYPES = YES;
				CLANG_WARN_SUSPICIOUS_MOVE = YES;
				CLANG_WARN_UNGUARDED_AVAILABILITY = YES_AGGRESSIVE;
				CLANG_WARN_UNREACHABLE_CODE = YES;
				CLANG_WARN__DUPLICATE_METHOD_MATCH = YES;
				CODE_SIGN_IDENTITY = "iPhone Developer";
				COPY_PHASE_STRIP = NO;
				DEBUG_INFORMATION_FORMAT = dwarf;
				ENABLE_STRICT_OBJC_MSGSEND = YES;
				ENABLE_TESTABILITY = YES;
				GCC_C_LANGUAGE_STANDARD = gnu11;
				GCC_DYNAMIC_NO_PIC = NO;
				GCC_NO_COMMON_BLOCKS = YES;
				GCC_OPTIMIZATION_LEVEL = 0;
				GCC_PREPROCESSOR_DEFINITIONS = (
					"DEBUG=1",
					"$(inherited)",
				);
				GCC_WARN_64_TO_32_BIT_CONVERSION = YES;
				GCC_WARN_ABOUT_RETURN_TYPE = YES_ERROR;
				GCC_WARN_UNDECLARED_SELECTOR = YES;
				GCC_WARN_UNINITIALIZED_AUTOS = YES_AGGRESSIVE;
				GCC_WARN_UNUSED_FUNCTION = YES;
				GCC_WARN_UNUSED_VARIABLE = YES;
				IPHONEOS_DEPLOYMENT_TARGET = 11.1;
				MTL_ENABLE_DEBUG_INFO = YES;
				ONLY_ACTIVE_ARCH = YES;
				SDKROOT = iphoneos;
			};
			name = Debug;
		};
		18E7DD6C1FC205AF006FA9B0 /* Release */ = {
			isa = XCBuildConfiguration;
			buildSettings = {
				ALWAYS_SEARCH_USER_PATHS = NO;
				CLANG_ANALYZER_NONNULL = YES;
				CLANG_ANALYZER_NUMBER_OBJECT_CONVERSION = YES_AGGRESSIVE;
				CLANG_CXX_LANGUAGE_STANDARD = "gnu++14";
				CLANG_CXX_LIBRARY = "libc++";
				CLANG_ENABLE_MODULES = YES;
				CLANG_ENABLE_OBJC_ARC = YES;
				CLANG_WARN_BLOCK_CAPTURE_AUTORELEASING = YES;
				CLANG_WARN_BOOL_CONVERSION = YES;
				CLANG_WARN_COMMA = YES;
				CLANG_WARN_CONSTANT_CONVERSION = YES;
				CLANG_WARN_DIRECT_OBJC_ISA_USAGE = YES_ERROR;
				CLANG_WARN_DOCUMENTATION_COMMENTS = YES;
				CLANG_WARN_EMPTY_BODY = YES;
				CLANG_WARN_ENUM_CONVERSION = YES;
				CLANG_WARN_INFINITE_RECURSION = YES;
				CLANG_WARN_INT_CONVERSION = YES;
				CLANG_WARN_NON_LITERAL_NULL_CONVERSION = YES;
				CLANG_WARN_OBJC_LITERAL_CONVERSION = YES;
				CLANG_WARN_OBJC_ROOT_CLASS = YES_ERROR;
				CLANG_WARN_RANGE_LOOP_ANALYSIS = YES;
				CLANG_WARN_STRICT_PROTOTYPES = YES;
				CLANG_WARN_SUSPICIOUS_MOVE = YES;
				CLANG_WARN_UNGUARDED_AVAILABILITY = YES_AGGRESSIVE;
				CLANG_WARN_UNREACHABLE_CODE = YES;
				CLANG_WARN__DUPLICATE_METHOD_MATCH = YES;
				CODE_SIGN_IDENTITY = "iPhone Developer";
				COPY_PHASE_STRIP = NO;
				DEBUG_INFORMATION_FORMAT = "dwarf-with-dsym";
				ENABLE_NS_ASSERTIONS = NO;
				ENABLE_STRICT_OBJC_MSGSEND = YES;
				GCC_C_LANGUAGE_STANDARD = gnu11;
				GCC_NO_COMMON_BLOCKS = YES;
				GCC_WARN_64_TO_32_BIT_CONVERSION = YES;
				GCC_WARN_ABOUT_RETURN_TYPE = YES_ERROR;
				GCC_WARN_UNDECLARED_SELECTOR = YES;
				GCC_WARN_UNINITIALIZED_AUTOS = YES_AGGRESSIVE;
				GCC_WARN_UNUSED_FUNCTION = YES;
				GCC_WARN_UNUSED_VARIABLE = YES;
				IPHONEOS_DEPLOYMENT_TARGET = 11.1;
				MTL_ENABLE_DEBUG_INFO = NO;
				SDKROOT = iphoneos;
				VALIDATE_PRODUCT = YES;
			};
			name = Release;
		};
		18E7DD6E1FC205AF006FA9B0 /* Debug */ = {
			isa = XCBuildConfiguration;
			buildSettings = {
				ASSETCATALOG_COMPILER_APPICON_NAME = AppIcon;
				CODE_SIGN_STYLE = Automatic;
				DEVELOPMENT_TEAM = PX8M9XWEX4;
				INFOPLIST_FILE = videotimer/Info.plist;
				LD_RUNPATH_SEARCH_PATHS = "$(inherited) @executable_path/Frameworks";
				PRODUCT_BUNDLE_IDENTIFIER = xinsuVideoTimer;
				PRODUCT_NAME = "$(TARGET_NAME)";
				TARGETED_DEVICE_FAMILY = "1,2";
			};
			name = Debug;
		};
		18E7DD6F1FC205AF006FA9B0 /* Release */ = {
			isa = XCBuildConfiguration;
			buildSettings = {
				ASSETCATALOG_COMPILER_APPICON_NAME = AppIcon;
				CODE_SIGN_STYLE = Automatic;
				DEVELOPMENT_TEAM = PX8M9XWEX4;
				INFOPLIST_FILE = videotimer/Info.plist;
				LD_RUNPATH_SEARCH_PATHS = "$(inherited) @executable_path/Frameworks";
				PRODUCT_BUNDLE_IDENTIFIER = xinsuVideoTimer;
				PRODUCT_NAME = "$(TARGET_NAME)";
				TARGETED_DEVICE_FAMILY = "1,2";
			};
			name = Release;
		};
		18E7DD711FC205AF006FA9B0 /* Debug */ = {
			isa = XCBuildConfiguration;
			buildSettings = {
				BUNDLE_LOADER = "$(TEST_HOST)";
				CODE_SIGN_STYLE = Automatic;
				INFOPLIST_FILE = videotimerTests/Info.plist;
				LD_RUNPATH_SEARCH_PATHS = "$(inherited) @executable_path/Frameworks @loader_path/Frameworks";
				PRODUCT_BUNDLE_IDENTIFIER = pku.suxin.videotimerTests;
				PRODUCT_NAME = "$(TARGET_NAME)";
				TARGETED_DEVICE_FAMILY = "1,2";
				TEST_HOST = "$(BUILT_PRODUCTS_DIR)/videotimer.app/videotimer";
			};
			name = Debug;
		};
		18E7DD721FC205AF006FA9B0 /* Release */ = {
			isa = XCBuildConfiguration;
			buildSettings = {
				BUNDLE_LOADER = "$(TEST_HOST)";
				CODE_SIGN_STYLE = Automatic;
				INFOPLIST_FILE = videotimerTests/Info.plist;
				LD_RUNPATH_SEARCH_PATHS = "$(inherited) @executable_path/Frameworks @loader_path/Frameworks";
				PRODUCT_BUNDLE_IDENTIFIER = pku.suxin.videotimerTests;
				PRODUCT_NAME = "$(TARGET_NAME)";
				TARGETED_DEVICE_FAMILY = "1,2";
				TEST_HOST = "$(BUILT_PRODUCTS_DIR)/videotimer.app/videotimer";
			};
			name = Release;
		};
		18E7DD741FC205AF006FA9B0 /* Debug */ = {
			isa = XCBuildConfiguration;
			buildSettings = {
				CODE_SIGN_STYLE = Automatic;
				INFOPLIST_FILE = videotimerUITests/Info.plist;
				LD_RUNPATH_SEARCH_PATHS = "$(inherited) @executable_path/Frameworks @loader_path/Frameworks";
				PRODUCT_BUNDLE_IDENTIFIER = pku.suxin.videotimerUITests;
				PRODUCT_NAME = "$(TARGET_NAME)";
				TARGETED_DEVICE_FAMILY = "1,2";
				TEST_TARGET_NAME = videotimer;
			};
			name = Debug;
		};
		18E7DD751FC205AF006FA9B0 /* Release */ = {
			isa = XCBuildConfiguration;
			buildSettings = {
				CODE_SIGN_STYLE = Automatic;
				INFOPLIST_FILE = videotimerUITests/Info.plist;
				LD_RUNPATH_SEARCH_PATHS = "$(inherited) @executable_path/Frameworks @loader_path/Frameworks";
				PRODUCT_BUNDLE_IDENTIFIER = pku.suxin.videotimerUITests;
				PRODUCT_NAME = "$(TARGET_NAME)";
				TARGETED_DEVICE_FAMILY = "1,2";
				TEST_TARGET_NAME = videotimer;
			};
			name = Release;
		};
/* End XCBuildConfiguration section */

/* Begin XCConfigurationList section */
		18E7DD3C1FC205AF006FA9B0 /* Build configuration list for PBXProject "videotimer" */ = {
			isa = XCConfigurationList;
			buildConfigurations = (
				18E7DD6B1FC205AF006FA9B0 /* Debug */,
				18E7DD6C1FC205AF006FA9B0 /* Release */,
			);
			defaultConfigurationIsVisible = 0;
			defaultConfigurationName = Release;
		};
		18E7DD6D1FC205AF006FA9B0 /* Build configuration list for PBXNativeTarget "videotimer" */ = {
			isa = XCConfigurationList;
			buildConfigurations = (
				18E7DD6E1FC205AF006FA9B0 /* Debug */,
				18E7DD6F1FC205AF006FA9B0 /* Release */,
			);
			defaultConfigurationIsVisible = 0;
			defaultConfigurationName = Release;
		};
		18E7DD701FC205AF006FA9B0 /* Build configuration list for PBXNativeTarget "videotimerTests" */ = {
			isa = XCConfigurationList;
			buildConfigurations = (
				18E7DD711FC205AF006FA9B0 /* Debug */,
				18E7DD721FC205AF006FA9B0 /* Release */,
			);
			defaultConfigurationIsVisible = 0;
			defaultConfigurationName = Release;
		};
		18E7DD731FC205AF006FA9B0 /* Build configuration list for PBXNativeTarget "videotimerUITests" */ = {
			isa = XCConfigurationList;
			buildConfigurations = (
				18E7DD741FC205AF006FA9B0 /* Debug */,
				18E7DD751FC205AF006FA9B0 /* Release */,
			);
			defaultConfigurationIsVisible = 0;
			defaultConfigurationName = Release;
		};
/* End XCConfigurationList section */
	};
	rootObject = 18E7DD391FC205AF006FA9B0 /* Project object */;
}
